// !$*UTF8*$!
{
	archiveVersion = 1;
	classes = {
	};
	objectVersion = 46;
	objects = {

/* Begin PBXBuildFile section */
		3A79D6821CA882BB0096F88E /* Foundation.framework in Frameworks */ = {isa = PBXBuildFile; fileRef = 3A79D6811CA882BB0096F88E /* Foundation.framework */; };
		3A79D6841CA882BB0096F88E /* CoreGraphics.framework in Frameworks */ = {isa = PBXBuildFile; fileRef = 3A79D6831CA882BB0096F88E /* CoreGraphics.framework */; };
		3A79D6861CA882BB0096F88E /* UIKit.framework in Frameworks */ = {isa = PBXBuildFile; fileRef = 3A79D6851CA882BB0096F88E /* UIKit.framework */; };
		3A79D68C1CA882BB0096F88E /* InfoPlist.strings in Resources */ = {isa = PBXBuildFile; fileRef = 3A79D68A1CA882BB0096F88E /* InfoPlist.strings */; };
		3A79D68E1CA882BB0096F88E /* main.m in Sources */ = {isa = PBXBuildFile; fileRef = 3A79D68D1CA882BB0096F88E /* main.m */; settings = {COMPILER_FLAGS = "-w"; }; };
		3A79D6921CA882BB0096F88E /* team3AppDelegate.m in Sources */ = {isa = PBXBuildFile; fileRef = 3A79D6911CA882BB0096F88E /* team3AppDelegate.m */; };
		3A79D6941CA882BB0096F88E /* Images.xcassets in Resources */ = {isa = PBXBuildFile; fileRef = 3A79D6931CA882BB0096F88E /* Images.xcassets */; };
		3A79D69B1CA882BB0096F88E /* XCTest.framework in Frameworks */ = {isa = PBXBuildFile; fileRef = 3A79D69A1CA882BB0096F88E /* XCTest.framework */; };
		3A79D69C1CA882BB0096F88E /* Foundation.framework in Frameworks */ = {isa = PBXBuildFile; fileRef = 3A79D6811CA882BB0096F88E /* Foundation.framework */; };
		3A79D69D1CA882BB0096F88E /* UIKit.framework in Frameworks */ = {isa = PBXBuildFile; fileRef = 3A79D6851CA882BB0096F88E /* UIKit.framework */; };
		3A79D6A51CA882BB0096F88E /* InfoPlist.strings in Resources */ = {isa = PBXBuildFile; fileRef = 3A79D6A31CA882BB0096F88E /* InfoPlist.strings */; };
		3A79D6A71CA882BB0096F88E /* phantomTests.m in Sources */ = {isa = PBXBuildFile; fileRef = 3A79D6A61CA882BB0096F88E /* phantomTests.m */; };
		3A79D6B81CA897A10096F88E /* CamViewController.m in Sources */ = {isa = PBXBuildFile; fileRef = 3A79D6B61CA897A10096F88E /* CamViewController.m */; settings = {COMPILER_FLAGS = "-w"; }; };
		3A79D6B91CA897A10096F88E /* CamViewController.xib in Resources */ = {isa = PBXBuildFile; fileRef = 3A79D6B71CA897A10096F88E /* CamViewController.xib */; };
		3AAF85751CB4D6100092F01F /* SystemConfiguration.framework in Frameworks */ = {isa = PBXBuildFile; fileRef = 3AAF85741CB4D6100092F01F /* SystemConfiguration.framework */; };
		3AAF85771CB4D61D0092F01F /* CFNetwork.framework in Frameworks */ = {isa = PBXBuildFile; fileRef = 3AAF85761CB4D61D0092F01F /* CFNetwork.framework */; };
/* End PBXBuildFile section */

/* Begin PBXContainerItemProxy section */
		3A79D69E1CA882BB0096F88E /* PBXContainerItemProxy */ = {
			isa = PBXContainerItemProxy;
			containerPortal = 3A79D6761CA882BB0096F88E /* Project object */;
			proxyType = 1;
			remoteGlobalIDString = 3A79D67D1CA882BB0096F88E;
			remoteInfo = phantom;
		};
/* End PBXContainerItemProxy section */

/* Begin PBXFileReference section */
		3A79D67E1CA882BB0096F88E /* phantom.app */ = {isa = PBXFileReference; explicitFileType = wrapper.application; includeInIndex = 0; path = phantom.app; sourceTree = BUILT_PRODUCTS_DIR; };
		3A79D6811CA882BB0096F88E /* Foundation.framework */ = {isa = PBXFileReference; lastKnownFileType = wrapper.framework; name = Foundation.framework; path = System/Library/Frameworks/Foundation.framework; sourceTree = SDKROOT; };
		3A79D6831CA882BB0096F88E /* CoreGraphics.framework */ = {isa = PBXFileReference; lastKnownFileType = wrapper.framework; name = CoreGraphics.framework; path = System/Library/Frameworks/CoreGraphics.framework; sourceTree = SDKROOT; };
		3A79D6851CA882BB0096F88E /* UIKit.framework */ = {isa = PBXFileReference; lastKnownFileType = wrapper.framework; name = UIKit.framework; path = System/Library/Frameworks/UIKit.framework; sourceTree = SDKROOT; };
		3A79D6891CA882BB0096F88E /* phantom-Info.plist */ = {isa = PBXFileReference; lastKnownFileType = text.plist.xml; path = "phantom-Info.plist"; sourceTree = "<group>"; };
		3A79D68B1CA882BB0096F88E /* en */ = {isa = PBXFileReference; lastKnownFileType = text.plist.strings; name = en; path = en.lproj/InfoPlist.strings; sourceTree = "<group>"; };
		3A79D68D1CA882BB0096F88E /* main.m */ = {isa = PBXFileReference; lastKnownFileType = sourcecode.c.objc; path = main.m; sourceTree = "<group>"; };
		3A79D68F1CA882BB0096F88E /* phantom-Prefix.pch */ = {isa = PBXFileReference; lastKnownFileType = sourcecode.c.h; path = "phantom-Prefix.pch"; sourceTree = "<group>"; };
		3A79D6901CA882BB0096F88E /* team3AppDelegate.h */ = {isa = PBXFileReference; lastKnownFileType = sourcecode.c.h; path = team3AppDelegate.h; sourceTree = "<group>"; };
		3A79D6911CA882BB0096F88E /* team3AppDelegate.m */ = {isa = PBXFileReference; lastKnownFileType = sourcecode.c.objc; path = team3AppDelegate.m; sourceTree = "<group>"; };
		3A79D6931CA882BB0096F88E /* Images.xcassets */ = {isa = PBXFileReference; lastKnownFileType = folder.assetcatalog; path = Images.xcassets; sourceTree = "<group>"; };
		3A79D6991CA882BB0096F88E /* phantomTests.xctest */ = {isa = PBXFileReference; explicitFileType = wrapper.cfbundle; includeInIndex = 0; path = phantomTests.xctest; sourceTree = BUILT_PRODUCTS_DIR; };
		3A79D69A1CA882BB0096F88E /* XCTest.framework */ = {isa = PBXFileReference; lastKnownFileType = wrapper.framework; name = XCTest.framework; path = Library/Frameworks/XCTest.framework; sourceTree = DEVELOPER_DIR; };
		3A79D6A21CA882BB0096F88E /* phantomTests-Info.plist */ = {isa = PBXFileReference; lastKnownFileType = text.plist.xml; path = "phantomTests-Info.plist"; sourceTree = "<group>"; };
		3A79D6A41CA882BB0096F88E /* en */ = {isa = PBXFileReference; lastKnownFileType = text.plist.strings; name = en; path = en.lproj/InfoPlist.strings; sourceTree = "<group>"; };
		3A79D6A61CA882BB0096F88E /* phantomTests.m */ = {isa = PBXFileReference; lastKnownFileType = sourcecode.c.objc; path = phantomTests.m; sourceTree = "<group>"; };
		3A79D6B51CA897A10096F88E /* CamViewController.h */ = {isa = PBXFileReference; fileEncoding = 4; lastKnownFileType = sourcecode.c.h; path = CamViewController.h; sourceTree = "<group>"; };
		3A79D6B61CA897A10096F88E /* CamViewController.m */ = {isa = PBXFileReference; fileEncoding = 4; lastKnownFileType = sourcecode.c.objc; path = CamViewController.m; sourceTree = "<group>"; };
		3A79D6B71CA897A10096F88E /* CamViewController.xib */ = {isa = PBXFileReference; fileEncoding = 4; lastKnownFileType = file.xib; path = CamViewController.xib; sourceTree = "<group>"; };
		3AAF85741CB4D6100092F01F /* SystemConfiguration.framework */ = {isa = PBXFileReference; lastKnownFileType = wrapper.framework; name = SystemConfiguration.framework; path = System/Library/Frameworks/SystemConfiguration.framework; sourceTree = SDKROOT; };
		3AAF85761CB4D61D0092F01F /* CFNetwork.framework */ = {isa = PBXFileReference; lastKnownFileType = wrapper.framework; name = CFNetwork.framework; path = System/Library/Frameworks/CFNetwork.framework; sourceTree = SDKROOT; };
/* End PBXFileReference section */

/* Begin PBXFrameworksBuildPhase section */
		3A79D67B1CA882BB0096F88E /* Frameworks */ = {
			isa = PBXFrameworksBuildPhase;
			buildActionMask = 2147483647;
			files = (
				3AAF85771CB4D61D0092F01F /* CFNetwork.framework in Frameworks */,
				3AAF85751CB4D6100092F01F /* SystemConfiguration.framework in Frameworks */,
				3A79D6841CA882BB0096F88E /* CoreGraphics.framework in Frameworks */,
				3A79D6861CA882BB0096F88E /* UIKit.framework in Frameworks */,
				3A79D6821CA882BB0096F88E /* Foundation.framework in Frameworks */,
			);
			runOnlyForDeploymentPostprocessing = 0;
		};
		3A79D6961CA882BB0096F88E /* Frameworks */ = {
			isa = PBXFrameworksBuildPhase;
			buildActionMask = 2147483647;
			files = (
				3A79D69B1CA882BB0096F88E /* XCTest.framework in Frameworks */,
				3A79D69D1CA882BB0096F88E /* UIKit.framework in Frameworks */,
				3A79D69C1CA882BB0096F88E /* Foundation.framework in Frameworks */,
			);
			runOnlyForDeploymentPostprocessing = 0;
		};
/* End PBXFrameworksBuildPhase section */

/* Begin PBXGroup section */
		3A79D6751CA882BB0096F88E = {
			isa = PBXGroup;
			children = (
				3A79D6B51CA897A10096F88E /* CamViewController.h */,
				3A79D6B61CA897A10096F88E /* CamViewController.m */,
				3A79D6B71CA897A10096F88E /* CamViewController.xib */,
				3A79D6871CA882BB0096F88E /* phantom */,
				3A79D6A01CA882BB0096F88E /* phantomTests */,
				3A79D6801CA882BB0096F88E /* Frameworks */,
				3A79D67F1CA882BB0096F88E /* Products */,
			);
			sourceTree = "<group>";
		};
		3A79D67F1CA882BB0096F88E /* Products */ = {
			isa = PBXGroup;
			children = (
				3A79D67E1CA882BB0096F88E /* phantom.app */,
				3A79D6991CA882BB0096F88E /* phantomTests.xctest */,
			);
			name = Products;
			sourceTree = "<group>";
		};
		3A79D6801CA882BB0096F88E /* Frameworks */ = {
			isa = PBXGroup;
			children = (
				3AAF85761CB4D61D0092F01F /* CFNetwork.framework */,
				3AAF85741CB4D6100092F01F /* SystemConfiguration.framework */,
				3A79D6811CA882BB0096F88E /* Foundation.framework */,
				3A79D6831CA882BB0096F88E /* CoreGraphics.framework */,
				3A79D6851CA882BB0096F88E /* UIKit.framework */,
				3A79D69A1CA882BB0096F88E /* XCTest.framework */,
			);
			name = Frameworks;
			sourceTree = "<group>";
		};
		3A79D6871CA882BB0096F88E /* phantom */ = {
			isa = PBXGroup;
			children = (
				3A79D6901CA882BB0096F88E /* team3AppDelegate.h */,
				3A79D6911CA882BB0096F88E /* team3AppDelegate.m */,
				3A79D6931CA882BB0096F88E /* Images.xcassets */,
				3A79D6881CA882BB0096F88E /* Supporting Files */,
			);
			path = phantom;
			sourceTree = "<group>";
		};
		3A79D6881CA882BB0096F88E /* Supporting Files */ = {
			isa = PBXGroup;
			children = (
				3A79D6891CA882BB0096F88E /* phantom-Info.plist */,
				3A79D68A1CA882BB0096F88E /* InfoPlist.strings */,
				3A79D68D1CA882BB0096F88E /* main.m */,
				3A79D68F1CA882BB0096F88E /* phantom-Prefix.pch */,
			);
			name = "Supporting Files";
			sourceTree = "<group>";
		};
		3A79D6A01CA882BB0096F88E /* phantomTests */ = {
			isa = PBXGroup;
			children = (
				3A79D6A61CA882BB0096F88E /* phantomTests.m */,
				3A79D6A11CA882BB0096F88E /* Supporting Files */,
			);
			path = phantomTests;
			sourceTree = "<group>";
		};
		3A79D6A11CA882BB0096F88E /* Supporting Files */ = {
			isa = PBXGroup;
			children = (
				3A79D6A21CA882BB0096F88E /* phantomTests-Info.plist */,
				3A79D6A31CA882BB0096F88E /* InfoPlist.strings */,
			);
			name = "Supporting Files";
			sourceTree = "<group>";
		};
/* End PBXGroup section */

/* Begin PBXNativeTarget section */
		3A79D67D1CA882BB0096F88E /* phantom */ = {
			isa = PBXNativeTarget;
			buildConfigurationList = 3A79D6AA1CA882BC0096F88E /* Build configuration list for PBXNativeTarget "phantom" */;
			buildPhases = (
				3A79D67A1CA882BB0096F88E /* Sources */,
				3A79D67B1CA882BB0096F88E /* Frameworks */,
				3A79D67C1CA882BB0096F88E /* Resources */,
			);
			buildRules = (
			);
			dependencies = (
			);
			name = phantom;
			productName = phantom;
			productReference = 3A79D67E1CA882BB0096F88E /* phantom.app */;
			productType = "com.apple.product-type.application";
		};
		3A79D6981CA882BB0096F88E /* phantomTests */ = {
			isa = PBXNativeTarget;
			buildConfigurationList = 3A79D6AD1CA882BC0096F88E /* Build configuration list for PBXNativeTarget "phantomTests" */;
			buildPhases = (
				3A79D6951CA882BB0096F88E /* Sources */,
				3A79D6961CA882BB0096F88E /* Frameworks */,
				3A79D6971CA882BB0096F88E /* Resources */,
			);
			buildRules = (
			);
			dependencies = (
				3A79D69F1CA882BB0096F88E /* PBXTargetDependency */,
			);
			name = phantomTests;
			productName = phantomTests;
			productReference = 3A79D6991CA882BB0096F88E /* phantomTests.xctest */;
			productType = "com.apple.product-type.bundle.unit-test";
		};
/* End PBXNativeTarget section */

/* Begin PBXProject section */
		3A79D6761CA882BB0096F88E /* Project object */ = {
			isa = PBXProject;
			attributes = {
				CLASSPREFIX = team3;
				LastUpgradeCheck = 0510;
				ORGANIZATIONNAME = "Sheryl Zhang";
				TargetAttributes = {
					3A79D67D1CA882BB0096F88E = {
						DevelopmentTeam = A863H952BX;
					};
					3A79D6981CA882BB0096F88E = {
						TestTargetID = 3A79D67D1CA882BB0096F88E;
					};
				};
			};
			buildConfigurationList = 3A79D6791CA882BB0096F88E /* Build configuration list for PBXProject "phantom" */;
			compatibilityVersion = "Xcode 3.2";
			developmentRegion = English;
			hasScannedForEncodings = 0;
			knownRegions = (
				en,
			);
			mainGroup = 3A79D6751CA882BB0096F88E;
			productRefGroup = 3A79D67F1CA882BB0096F88E /* Products */;
			projectDirPath = "";
			projectRoot = "";
			targets = (
				3A79D67D1CA882BB0096F88E /* phantom */,
				3A79D6981CA882BB0096F88E /* phantomTests */,
			);
		};
/* End PBXProject section */

/* Begin PBXResourcesBuildPhase section */
		3A79D67C1CA882BB0096F88E /* Resources */ = {
			isa = PBXResourcesBuildPhase;
			buildActionMask = 2147483647;
			files = (
				3A79D68C1CA882BB0096F88E /* InfoPlist.strings in Resources */,
				3A79D6941CA882BB0096F88E /* Images.xcassets in Resources */,
				3A79D6B91CA897A10096F88E /* CamViewController.xib in Resources */,
			);
			runOnlyForDeploymentPostprocessing = 0;
		};
		3A79D6971CA882BB0096F88E /* Resources */ = {
			isa = PBXResourcesBuildPhase;
			buildActionMask = 2147483647;
			files = (
				3A79D6A51CA882BB0096F88E /* InfoPlist.strings in Resources */,
			);
			runOnlyForDeploymentPostprocessing = 0;
		};
/* End PBXResourcesBuildPhase section */

/* Begin PBXSourcesBuildPhase section */
		3A79D67A1CA882BB0096F88E /* Sources */ = {
			isa = PBXSourcesBuildPhase;
			buildActionMask = 2147483647;
			files = (
				3A79D68E1CA882BB0096F88E /* main.m in Sources */,
				3A79D6B81CA897A10096F88E /* CamViewController.m in Sources */,
				3A79D6921CA882BB0096F88E /* team3AppDelegate.m in Sources */,
			);
			runOnlyForDeploymentPostprocessing = 0;
		};
		3A79D6951CA882BB0096F88E /* Sources */ = {
			isa = PBXSourcesBuildPhase;
			buildActionMask = 2147483647;
			files = (
				3A79D6A71CA882BB0096F88E /* phantomTests.m in Sources */,
			);
			runOnlyForDeploymentPostprocessing = 0;
		};
/* End PBXSourcesBuildPhase section */

/* Begin PBXTargetDependency section */
		3A79D69F1CA882BB0096F88E /* PBXTargetDependency */ = {
			isa = PBXTargetDependency;
			target = 3A79D67D1CA882BB0096F88E /* phantom */;
			targetProxy = 3A79D69E1CA882BB0096F88E /* PBXContainerItemProxy */;
		};
/* End PBXTargetDependency section */

/* Begin PBXVariantGroup section */
		3A79D68A1CA882BB0096F88E /* InfoPlist.strings */ = {
			isa = PBXVariantGroup;
			children = (
				3A79D68B1CA882BB0096F88E /* en */,
			);
			name = InfoPlist.strings;
			sourceTree = "<group>";
		};
		3A79D6A31CA882BB0096F88E /* InfoPlist.strings */ = {
			isa = PBXVariantGroup;
			children = (
				3A79D6A41CA882BB0096F88E /* en */,
			);
			name = InfoPlist.strings;
			sourceTree = "<group>";
		};
/* End PBXVariantGroup section */

/* Begin XCBuildConfiguration section */
		3A79D6A81CA882BC0096F88E /* Debug */ = {
			isa = XCBuildConfiguration;
			buildSettings = {
				ALWAYS_SEARCH_USER_PATHS = NO;
				CLANG_CXX_LANGUAGE_STANDARD = "gnu++0x";
				CLANG_CXX_LIBRARY = "libc++";
				CLANG_ENABLE_MODULES = YES;
				CLANG_ENABLE_OBJC_ARC = NO;
				CLANG_WARN_BOOL_CONVERSION = YES;
				CLANG_WARN_CONSTANT_CONVERSION = YES;
				CLANG_WARN_DIRECT_OBJC_ISA_USAGE = YES_ERROR;
				CLANG_WARN_EMPTY_BODY = YES;
				CLANG_WARN_ENUM_CONVERSION = YES;
				CLANG_WARN_INT_CONVERSION = YES;
				CLANG_WARN_OBJC_ROOT_CLASS = YES_ERROR;
				CLANG_WARN__DUPLICATE_METHOD_MATCH = YES;
				"CODE_SIGN_IDENTITY[sdk=iphoneos*]" = "iPhone Developer";
				COPY_PHASE_STRIP = NO;
				GCC_C_LANGUAGE_STANDARD = gnu99;
				GCC_DYNAMIC_NO_PIC = NO;
				GCC_OPTIMIZATION_LEVEL = 0;
				GCC_PREPROCESSOR_DEFINITIONS = (
					"DEBUG=1",
					"$(inherited)",
				);
				GCC_SYMBOLS_PRIVATE_EXTERN = NO;
				GCC_WARN_64_TO_32_BIT_CONVERSION = YES;
				GCC_WARN_ABOUT_RETURN_TYPE = YES_ERROR;
				GCC_WARN_UNDECLARED_SELECTOR = YES;
				GCC_WARN_UNINITIALIZED_AUTOS = YES_AGGRESSIVE;
				GCC_WARN_UNUSED_FUNCTION = YES;
				GCC_WARN_UNUSED_VARIABLE = YES;
				IPHONEOS_DEPLOYMENT_TARGET = 7.1;
				ONLY_ACTIVE_ARCH = YES;
				SDKROOT = iphoneos;
			};
			name = Debug;
		};
		3A79D6A91CA882BC0096F88E /* Release */ = {
			isa = XCBuildConfiguration;
			buildSettings = {
				ALWAYS_SEARCH_USER_PATHS = NO;
				CLANG_CXX_LANGUAGE_STANDARD = "gnu++0x";
				CLANG_CXX_LIBRARY = "libc++";
				CLANG_ENABLE_MODULES = YES;
				CLANG_ENABLE_OBJC_ARC = NO;
				CLANG_WARN_BOOL_CONVERSION = YES;
				CLANG_WARN_CONSTANT_CONVERSION = YES;
				CLANG_WARN_DIRECT_OBJC_ISA_USAGE = YES_ERROR;
				CLANG_WARN_EMPTY_BODY = YES;
				CLANG_WARN_ENUM_CONVERSION = YES;
				CLANG_WARN_INT_CONVERSION = YES;
				CLANG_WARN_OBJC_ROOT_CLASS = YES_ERROR;
				CLANG_WARN__DUPLICATE_METHOD_MATCH = YES;
				"CODE_SIGN_IDENTITY[sdk=iphoneos*]" = "iPhone Developer";
				COPY_PHASE_STRIP = YES;
				ENABLE_NS_ASSERTIONS = NO;
				GCC_C_LANGUAGE_STANDARD = gnu99;
				GCC_WARN_64_TO_32_BIT_CONVERSION = YES;
				GCC_WARN_ABOUT_RETURN_TYPE = YES_ERROR;
				GCC_WARN_UNDECLARED_SELECTOR = YES;
				GCC_WARN_UNINITIALIZED_AUTOS = YES_AGGRESSIVE;
				GCC_WARN_UNUSED_FUNCTION = YES;
				GCC_WARN_UNUSED_VARIABLE = YES;
				IPHONEOS_DEPLOYMENT_TARGET = 7.1;
				SDKROOT = iphoneos;
				VALIDATE_PRODUCT = YES;
			};
			name = Release;
		};
		3A79D6AB1CA882BC0096F88E /* Debug */ = {
			isa = XCBuildConfiguration;
			buildSettings = {
				ASSETCATALOG_COMPILER_APPICON_NAME = AppIcon;
				ASSETCATALOG_COMPILER_LAUNCHIMAGE_NAME = LaunchImage;
				CODE_SIGN_IDENTITY = "iPhone Developer";
				"CODE_SIGN_IDENTITY[sdk=iphoneos*]" = "iPhone Developer";
				GCC_PRECOMPILE_PREFIX_HEADER = YES;
				GCC_PREFIX_HEADER = "phantom/phantom-Prefix.pch";
				INFOPLIST_FILE = "phantom/phantom-Info.plist";
				PRODUCT_NAME = "$(TARGET_NAME)";
				PROVISIONING_PROFILE = "";
				WRAPPER_EXTENSION = app;
			};
			name = Debug;
		};
		3A79D6AC1CA882BC0096F88E /* Release */ = {
			isa = XCBuildConfiguration;
			buildSettings = {
				ASSETCATALOG_COMPILER_APPICON_NAME = AppIcon;
				ASSETCATALOG_COMPILER_LAUNCHIMAGE_NAME = LaunchImage;
				CODE_SIGN_IDENTITY = "iPhone Developer";
				"CODE_SIGN_IDENTITY[sdk=iphoneos*]" = "iPhone Developer";
				GCC_PRECOMPILE_PREFIX_HEADER = YES;
				GCC_PREFIX_HEADER = "phantom/phantom-Prefix.pch";
				INFOPLIST_FILE = "phantom/phantom-Info.plist";
				PRODUCT_NAME = "$(TARGET_NAME)";
				PROVISIONING_PROFILE = "";
				WRAPPER_EXTENSION = app;
			};
			name = Release;
		};
		3A79D6AE1CA882BC0096F88E /* Debug */ = {
			isa = XCBuildConfiguration;
			buildSettings = {
				BUNDLE_LOADER = "$(BUILT_PRODUCTS_DIR)/phantom.app/phantom";
				FRAMEWORK_SEARCH_PATHS = (
					"$(SDKROOT)/Developer/Library/Frameworks",
					"$(inherited)",
					"$(DEVELOPER_FRAMEWORKS_DIR)",
				);
				GCC_PRECOMPILE_PREFIX_HEADER = YES;
				GCC_PREFIX_HEADER = "phantom/phantom-Prefix.pch";
				GCC_PREPROCESSOR_DEFINITIONS = (
					"DEBUG=1",
					"$(inherited)",
				);
				INFOPLIST_FILE = "phantomTests/phantomTests-Info.plist";
				PRODUCT_NAME = "$(TARGET_NAME)";
				TEST_HOST = "$(BUNDLE_LOADER)";
				WRAPPER_EXTENSION = xctest;
			};
			name = Debug;
		};
		3A79D6AF1CA882BC0096F88E /* Release */ = {
			isa = XCBuildConfiguration;
			buildSettings = {
				BUNDLE_LOADER = "$(BUILT_PRODUCTS_DIR)/phantom.app/phantom";
				FRAMEWORK_SEARCH_PATHS = (
					"$(SDKROOT)/Developer/Library/Frameworks",
					"$(inherited)",
					"$(DEVELOPER_FRAMEWORKS_DIR)",
				);
				GCC_PRECOMPILE_PREFIX_HEADER = YES;
				GCC_PREFIX_HEADER = "phantom/phantom-Prefix.pch";
				INFOPLIST_FILE = "phantomTests/phantomTests-Info.plist";
				PRODUCT_NAME = "$(TARGET_NAME)";
				TEST_HOST = "$(BUNDLE_LOADER)";
				WRAPPER_EXTENSION = xctest;
			};
			name = Release;
		};
/* End XCBuildConfiguration section */

/* Begin XCConfigurationList section */
		3A79D6791CA882BB0096F88E /* Build configuration list for PBXProject "phantom" */ = {
			isa = XCConfigurationList;
			buildConfigurations = (
				3A79D6A81CA882BC0096F88E /* Debug */,
				3A79D6A91CA882BC0096F88E /* Release */,
			);
			defaultConfigurationIsVisible = 0;
			defaultConfigurationName = Release;
		};
		3A79D6AA1CA882BC0096F88E /* Build configuration list for PBXNativeTarget "phantom" */ = {
			isa = XCConfigurationList;
			buildConfigurations = (
				3A79D6AB1CA882BC0096F88E /* Debug */,
				3A79D6AC1CA882BC0096F88E /* Release */,
			);
			defaultConfigurationIsVisible = 0;
			defaultConfigurationName = Release;
		};
		3A79D6AD1CA882BC0096F88E /* Build configuration list for PBXNativeTarget "phantomTests" */ = {
			isa = XCConfigurationList;
			buildConfigurations = (
				3A79D6AE1CA882BC0096F88E /* Debug */,
				3A79D6AF1CA882BC0096F88E /* Release */,
			);
			defaultConfigurationIsVisible = 0;
			defaultConfigurationName = Release;
		};
/* End XCConfigurationList section */
	};
	rootObject = 3A79D6761CA882BB0096F88E /* Project object */;
}
